<?xml version="1.0" encoding="utf-8"?>
<Project ToolsVersion="4.0" xmlns="http://schemas.microsoft.com/developer/msbuild/2003">
  <ItemGroup>
    <Filter Include="源文件">
      <UniqueIdentifier>{4FC737F1-C7A5-4376-A066-2A32D752A2FF}</UniqueIdentifier>
      <Extensions>cpp;c;cc;cxx;def;odl;idl;hpj;bat;asm;asmx</Extensions>
    </Filter>
    <Filter Include="头文件">
      <UniqueIdentifier>{93995380-89BD-4b04-88EB-625FBE52EBFB}</UniqueIdentifier>
      <Extensions>h;hh;hpp;hxx;hm;inl;inc;ipp;xsd</Extensions>
    </Filter>
    <Filter Include="资源文件">
      <UniqueIdentifier>{67DA6AB6-F800-4c08-8B7A-83BB121AAD01}</UniqueIdentifier>
      <Extensions>rc;ico;cur;bmp;dlg;rc2;rct;bin;rgs;gif;jpg;jpeg;jpe;resx;tiff;tif;png;wav;mfcribbon-ms</Extensions>
    </Filter>
    <Filter Include="rw_wavfile">
      <UniqueIdentifier>{d78d97c8-1e13-40d0-a195-77d70da8662d}</UniqueIdentifier>
    </Filter>
    <Filter Include="rnn-lib">
      <UniqueIdentifier>{901c215d-0660-456b-aaa0-a39bdafa1bbb}</UniqueIdentifier>
    </Filter>
  </ItemGroup>
  <ItemGroup>
    <ClCompile Include="src\celt_lpc.c">
      <Filter>rnn-lib</Filter>
    </ClCompile>
    <ClCompile Include="src\kiss_fft.c">
      <Filter>rnn-lib</Filter>
    </ClCompile>
    <ClCompile Include="src\pitch.c">
      <Filter>rnn-lib</Filter>
    </ClCompile>
    <ClCompile Include="src\rnn.c">
      <Filter>rnn-lib</Filter>
    </ClCompile>
    <ClCompile Include="src\rnn_data.c">
      <Filter>rnn-lib</Filter>
    </ClCompile>
    <ClCompile Include="Rnnoise-windows.cpp">
      <Filter>源文件</Filter>
    </ClCompile>
  </ItemGroup>
  <ItemGroup>
    <ClInclude Include="include\_kiss_fft_guts.h">
      <Filter>rnn-lib</Filter>
    </ClInclude>
    <ClInclude Include="include\arch.h">
      <Filter>rnn-lib</Filter>
    </ClInclude>
    <ClInclude Include="include\celt_lpc.h">
      <Filter>rnn-lib</Filter>
    </ClInclude>
    <ClInclude Include="include\common.h">
      <Filter>rnn-lib</Filter>
    </ClInclude>
    <ClInclude Include="include\denoise.h">
      <Filter>rnn-lib</Filter>
    </ClInclude>
    <ClInclude Include="include\kiss_fft.h">
      <Filter>rnn-lib</Filter>
    </ClInclude>
    <ClInclude Include="include\opus_types.h">
      <Filter>rnn-lib</Filter>
    </ClInclude>
    <ClInclude Include="include\pitch.h">
      <Filter>rnn-lib</Filter>
    </ClInclude>
    <ClInclude Include="include\rnn.h">
      <Filter>rnn-lib</Filter>
    </ClInclude>
    <ClInclude Include="include\rnn_data.h">
      <Filter>rnn-lib</Filter>
    </ClInclude>
    <ClInclude Include="include\rnnoise.h">
      <Filter>rnn-lib</Filter>
    </ClInclude>
    <ClInclude Include="include\tansig_table.h">
      <Filter>rnn-lib</Filter>
    </ClInclude>
    <ClInclude Include="dr_wav.h">
      <Filter>rw_wavfile</Filter>
    </ClInclude>
    <ClInclude Include="wavfile.h">
      <Filter>rw_wavfile</Filter>
    </ClInclude>
  </ItemGroup>
  <ItemGroup>
    <Text Include="src\CMakeLists.txt">
      <Filter>rnn-lib</Filter>
    </Text>
  </ItemGroup>
</Project>