
Microsoft Visual Studio Solution File, Format Version 12.00
# Visual Studio Version 16
VisualStudioVersion = 16.0.29009.5
MinimumVisualStudioVersion = 10.0.40219.1
Project("{8BC9CEB8-8B4A-11D0-8D11-00A0C91BC942}") = "rnnoise-training", "rnnoise_training\rnnoise-training.vcxproj", "{CB16CC8D-2D81-4F13-8204-F0B6D1CF1AB2}"
EndProject
Project("{8BC9CEB8-8B4A-11D0-8D11-00A0C91BC942}") = "rnnoise-windows", "rnnoise_windows\Rnnoise-windows.vcxproj", "{A7BC8C57-1AAB-4C5D-B1B5-4117D1621C4B}"
EndProject
Project("{8BC9CEB8-8B4A-11D0-8D11-00A0C91BC942}") = "rnnoise_dll_test", "rnnoise_dll_test\rnnoise_dll_test.vcxproj", "{223357B6-E36D-477B-A6D2-0F4B2F450D64}"
EndProject
Project("{8BC9CEB8-8B4A-11D0-8D11-00A0C91BC942}") = "rnnoise_share", "rnnoise_share\rnnoise_share.vcxproj", "{EC64A5B5-B50F-4CEF-9F4F-4BFA38C293FB}"
EndProject
Project("{8BC9CEB8-8B4A-11D0-8D11-00A0C91BC942}") = "rnnoise_static", "rnnoise_static\rnnoise_static.vcxproj", "{ABDB70ED-FBA7-45F0-A0B8-DABE9B68C4A4}"
EndProject
Global
	GlobalSection(SolutionConfigurationPlatforms) = preSolution
		Debug|x64 = Debug|x64
		Debug|x86 = Debug|x86
		Release|x64 = Release|x64
		Release|x86 = Release|x86
	EndGlobalSection
	GlobalSection(ProjectConfigurationPlatforms) = postSolution
		{CB16CC8D-2D81-4F13-8204-F0B6D1CF1AB2}.Debug|x64.ActiveCfg = Debug|x64
		{CB16CC8D-2D81-4F13-8204-F0B6D1CF1AB2}.Debug|x64.Build.0 = Debug|x64
		{CB16CC8D-2D81-4F13-8204-F0B6D1CF1AB2}.Debug|x86.ActiveCfg = Debug|Win32
		{CB16CC8D-2D81-4F13-8204-F0B6D1CF1AB2}.Debug|x86.Build.0 = Debug|Win32
		{CB16CC8D-2D81-4F13-8204-F0B6D1CF1AB2}.Release|x64.ActiveCfg = Release|x64
		{CB16CC8D-2D81-4F13-8204-F0B6D1CF1AB2}.Release|x64.Build.0 = Release|x64
		{CB16CC8D-2D81-4F13-8204-F0B6D1CF1AB2}.Release|x86.ActiveCfg = Release|Win32
		{CB16CC8D-2D81-4F13-8204-F0B6D1CF1AB2}.Release|x86.Build.0 = Release|Win32
		{A7BC8C57-1AAB-4C5D-B1B5-4117D1621C4B}.Debug|x64.ActiveCfg = Debug|x64
		{A7BC8C57-1AAB-4C5D-B1B5-4117D1621C4B}.Debug|x64.Build.0 = Debug|x64
		{A7BC8C57-1AAB-4C5D-B1B5-4117D1621C4B}.Debug|x86.ActiveCfg = Debug|Win32
		{A7BC8C57-1AAB-4C5D-B1B5-4117D1621C4B}.Debug|x86.Build.0 = Debug|Win32
		{A7BC8C57-1AAB-4C5D-B1B5-4117D1621C4B}.Release|x64.ActiveCfg = Release|x64
		{A7BC8C57-1AAB-4C5D-B1B5-4117D1621C4B}.Release|x64.Build.0 = Release|x64
		{A7BC8C57-1AAB-4C5D-B1B5-4117D1621C4B}.Release|x86.ActiveCfg = Release|Win32
		{A7BC8C57-1AAB-4C5D-B1B5-4117D1621C4B}.Release|x86.Build.0 = Release|Win32
		{223357B6-E36D-477B-A6D2-0F4B2F450D64}.Debug|x64.ActiveCfg = Debug|x64
		{223357B6-E36D-477B-A6D2-0F4B2F450D64}.Debug|x64.Build.0 = Debug|x64
		{223357B6-E36D-477B-A6D2-0F4B2F450D64}.Debug|x86.ActiveCfg = Debug|Win32
		{223357B6-E36D-477B-A6D2-0F4B2F450D64}.Debug|x86.Build.0 = Debug|Win32
		{223357B6-E36D-477B-A6D2-0F4B2F450D64}.Release|x64.ActiveCfg = Release|x64
		{223357B6-E36D-477B-A6D2-0F4B2F450D64}.Release|x64.Build.0 = Release|x64
		{223357B6-E36D-477B-A6D2-0F4B2F450D64}.Release|x86.ActiveCfg = Release|Win32
		{223357B6-E36D-477B-A6D2-0F4B2F450D64}.Release|x86.Build.0 = Release|Win32
		{EC64A5B5-B50F-4CEF-9F4F-4BFA38C293FB}.Debug|x64.ActiveCfg = Debug|x64
		{EC64A5B5-B50F-4CEF-9F4F-4BFA38C293FB}.Debug|x64.Build.0 = Debug|x64
		{EC64A5B5-B50F-4CEF-9F4F-4BFA38C293FB}.Debug|x86.ActiveCfg = Debug|Win32
		{EC64A5B5-B50F-4CEF-9F4F-4BFA38C293FB}.Debug|x86.Build.0 = Debug|Win32
		{EC64A5B5-B50F-4CEF-9F4F-4BFA38C293FB}.Release|x64.ActiveCfg = Release|x64
		{EC64A5B5-B50F-4CEF-9F4F-4BFA38C293FB}.Release|x64.Build.0 = Release|x64
		{EC64A5B5-B50F-4CEF-9F4F-4BFA38C293FB}.Release|x86.ActiveCfg = Release|Win32
		{EC64A5B5-B50F-4CEF-9F4F-4BFA38C293FB}.Release|x86.Build.0 = Release|Win32
		{ABDB70ED-FBA7-45F0-A0B8-DABE9B68C4A4}.Debug|x64.ActiveCfg = Debug|x64
		{ABDB70ED-FBA7-45F0-A0B8-DABE9B68C4A4}.Debug|x64.Build.0 = Debug|x64
		{ABDB70ED-FBA7-45F0-A0B8-DABE9B68C4A4}.Debug|x86.ActiveCfg = Debug|Win32
		{ABDB70ED-FBA7-45F0-A0B8-DABE9B68C4A4}.Debug|x86.Build.0 = Debug|Win32
		{ABDB70ED-FBA7-45F0-A0B8-DABE9B68C4A4}.Release|x64.ActiveCfg = Release|x64
		{ABDB70ED-FBA7-45F0-A0B8-DABE9B68C4A4}.Release|x64.Build.0 = Release|x64
		{ABDB70ED-FBA7-45F0-A0B8-DABE9B68C4A4}.Release|x86.ActiveCfg = Release|Win32
		{ABDB70ED-FBA7-45F0-A0B8-DABE9B68C4A4}.Release|x86.Build.0 = Release|Win32
	EndGlobalSection
	GlobalSection(SolutionProperties) = preSolution
		HideSolutionNode = FALSE
	EndGlobalSection
	GlobalSection(ExtensibilityGlobals) = postSolution
		SolutionGuid = {D7EB649A-FF51-404A-A9E5-0748B371C5E3}
	EndGlobalSection
EndGlobal
