<?xml version="1.0" encoding="utf-8"?>
<Project ToolsVersion="4.0" xmlns="http://schemas.microsoft.com/developer/msbuild/2003">
  <ItemGroup>
    <Filter Include="源文件">
      <UniqueIdentifier>{4FC737F1-C7A5-4376-A066-2A32D752A2FF}</UniqueIdentifier>
      <Extensions>cpp;c;cc;cxx;def;odl;idl;hpj;bat;asm;asmx</Extensions>
    </Filter>
    <Filter Include="资源文件">
      <UniqueIdentifier>{67DA6AB6-F800-4c08-8B7A-83BB121AAD01}</UniqueIdentifier>
      <Extensions>rc;ico;cur;bmp;dlg;rc2;rct;bin;rgs;gif;jpg;jpeg;jpe;resx;tiff;tif;png;wav;mfcribbon-ms</Extensions>
    </Filter>
    <Filter Include="rnnoise">
      <UniqueIdentifier>{93995380-89BD-4b04-88EB-625FBE52EBFB}</UniqueIdentifier>
      <Extensions>h;hh;hpp;hxx;hm;inl;inc;ipp;xsd</Extensions>
    </Filter>
  </ItemGroup>
  <ItemGroup>
    <ClCompile Include="..\src\celt_lpc.c">
      <Filter>rnnoise</Filter>
    </ClCompile>
    <ClCompile Include="..\src\denoise.c">
      <Filter>rnnoise</Filter>
    </ClCompile>
    <ClCompile Include="..\src\kiss_fft.c">
      <Filter>rnnoise</Filter>
    </ClCompile>
    <ClCompile Include="..\src\pitch.c">
      <Filter>rnnoise</Filter>
    </ClCompile>
    <ClCompile Include="..\src\rnn.c">
      <Filter>rnnoise</Filter>
    </ClCompile>
    <ClCompile Include="..\src\rnn_data.c">
      <Filter>rnnoise</Filter>
    </ClCompile>
    <ClCompile Include="..\src\rnn_reader.c">
      <Filter>rnnoise</Filter>
    </ClCompile>
  </ItemGroup>
  <ItemGroup>
    <ClInclude Include="..\include\rnnoise.h">
      <Filter>rnnoise</Filter>
    </ClInclude>
    <ClInclude Include="..\src\_kiss_fft_guts.h">
      <Filter>rnnoise</Filter>
    </ClInclude>
    <ClInclude Include="..\src\arch.h">
      <Filter>rnnoise</Filter>
    </ClInclude>
    <ClInclude Include="..\src\celt_lpc.h">
      <Filter>rnnoise</Filter>
    </ClInclude>
    <ClInclude Include="..\src\common.h">
      <Filter>rnnoise</Filter>
    </ClInclude>
    <ClInclude Include="..\src\kiss_fft.h">
      <Filter>rnnoise</Filter>
    </ClInclude>
    <ClInclude Include="..\src\opus_types.h">
      <Filter>rnnoise</Filter>
    </ClInclude>
    <ClInclude Include="..\src\pitch.h">
      <Filter>rnnoise</Filter>
    </ClInclude>
    <ClInclude Include="..\src\rnn.h">
      <Filter>rnnoise</Filter>
    </ClInclude>
    <ClInclude Include="..\src\rnn_data.h">
      <Filter>rnnoise</Filter>
    </ClInclude>
    <ClInclude Include="..\src\rnnoise.h">
      <Filter>rnnoise</Filter>
    </ClInclude>
    <ClInclude Include="..\src\tansig_table.h">
      <Filter>rnnoise</Filter>
    </ClInclude>
  </ItemGroup>
  <ItemGroup>
    <None Include="..\src\rnn_train.py">
      <Filter>rnnoise</Filter>
    </None>
  </ItemGroup>
</Project>